
Microsoft Visual Studio Solution File, Format Version 12.00
# Visual Studio Version 16
VisualStudioVersion = 16.0.31205.134
MinimumVisualStudioVersion = 10.0.40219.1
Project("{FAE04EC0-301F-11D3-BF4B-00C04F79EFBC}") = "HTTPRedirect", "HTTPRedirect\HTTPRedirect.csproj", "{68B65536-F72D-4F45-B7D4-BA38F7C4479F}"
EndProject
Global
	GlobalSection(SolutionConfigurationPlatforms) = preSolution
		Debug|Any CPU = Debug|Any CPU
		Release|Any CPU = Release|Any CPU
	EndGlobalSection
	GlobalSection(ProjectConfigurationPlatforms) = postSolution
		{68B65536-F72D-4F45-B7D4-BA38F7C4479F}.Debug|Any CPU.ActiveCfg = Debug|Any CPU
		{68B65536-F72D-4F45-B7D4-BA38F7C4479F}.Debug|Any CPU.Build.0 = Debug|Any CPU
		{68B65536-F72D-4F45-B7D4-BA38F7C4479F}.Release|Any CPU.ActiveCfg = Release|Any CPU
		{68B65536-F72D-4F45-B7D4-BA38F7C4479F}.Release|Any CPU.Build.0 = Release|Any CPU
	EndGlobalSection
	GlobalSection(SolutionProperties) = preSolution
		HideSolutionNode = FALSE
	EndGlobalSection
	GlobalSection(ExtensibilityGlobals) = postSolution
		SolutionGuid = {0A75A217-1A28-4E29-80B6-3806F281F9DE}
	EndGlobalSection
EndGlobal
